// !$*UTF8*$!
{
	archiveVersion = 1;
	classes = {
	};
	objectVersion = 46;
	objects = {

/* Begin PBXBuildFile section */
		2F9540B01D3839C400491C14 /* AppDelegate.swift in Sources */ = {isa = PBXBuildFile; fileRef = 2F9540AF1D3839C400491C14 /* AppDelegate.swift */; };
		2F9540B21D3839C400491C14 /* ViewController.swift in Sources */ = {isa = PBXBuildFile; fileRef = 2F9540B11D3839C400491C14 /* ViewController.swift */; };
		2F9540B51D3839C400491C14 /* Main.storyboard in Resources */ = {isa = PBXBuildFile; fileRef = 2F9540B31D3839C400491C14 /* Main.storyboard */; };
		2F9540B71D3839C400491C14 /* Assets.xcassets in Resources */ = {isa = PBXBuildFile; fileRef = 2F9540B61D3839C400491C14 /* Assets.xcassets */; };
		2F9540BA1D3839C400491C14 /* LaunchScreen.storyboard in Resources */ = {isa = PBXBuildFile; fileRef = 2F9540B81D3839C400491C14 /* LaunchScreen.storyboard */; };
/* End PBXBuildFile section */

/* Begin PBXFileReference section */
		2F9540AC1D3839C400491C14 /* MyFavoritePlace.app */ = {isa = PBXFileReference; explicitFileType = wrapper.application; includeInIndex = 0; path = MyFavoritePlace.app; sourceTree = BUILT_PRODUCTS_DIR; };
		2F9540AF1D3839C400491C14 /* AppDelegate.swift */ = {isa = PBXFileReference; lastKnownFileType = sourcecode.swift; path = AppDelegate.swift; sourceTree = "<group>"; };
		2F9540B11D3839C400491C14 /* ViewController.swift */ = {isa = PBXFileReference; lastKnownFileType = sourcecode.swift; path = ViewController.swift; sourceTree = "<group>"; };
		2F9540B41D3839C400491C14 /* Base */ = {isa = PBXFileReference; lastKnownFileType = file.storyboard; name = Base; path = Base.lproj/Main.storyboard; sourceTree = "<group>"; };
		2F9540B61D3839C400491C14 /* Assets.xcassets */ = {isa = PBXFileReference; lastKnownFileType = folder.assetcatalog; path = Assets.xcassets; sourceTree = "<group>"; };
		2F9540B91D3839C400491C14 /* Base */ = {isa = PBXFileReference; lastKnownFileType = file.storyboard; name = Base; path = Base.lproj/LaunchScreen.storyboard; sourceTree = "<group>"; };
		2F9540BB1D3839C400491C14 /* Info.plist */ = {isa = PBXFileReference; lastKnownFileType = text.plist.xml; path = Info.plist; sourceTree = "<group>"; };
/* End PBXFileReference section */

/* Begin PBXFrameworksBuildPhase section */
		2F9540A91D3839C400491C14 /* Frameworks */ = {
			isa = PBXFrameworksBuildPhase;
			buildActionMask = 2147483647;
			files = (
			);
			runOnlyForDeploymentPostprocessing = 0;
		};
/* End PBXFrameworksBuildPhase section */

/* Begin PBXGroup section */
		2F9540A31D3839C400491C14 = {
			isa = PBXGroup;
			children = (
				2F9540AE1D3839C400491C14 /* MyFavoritePlace */,
				2F9540AD1D3839C400491C14 /* Products */,
			);
			sourceTree = "<group>";
		};
		2F9540AD1D3839C400491C14 /* Products */ = {
			isa = PBXGroup;
			children = (
				2F9540AC1D3839C400491C14 /* MyFavoritePlace.app */,
			);
			name = Products;
			sourceTree = "<group>";
		};
		2F9540AE1D3839C400491C14 /* MyFavoritePlace */ = {
			isa = PBXGroup;
			children = (
				2F9540AF1D3839C400491C14 /* AppDelegate.swift */,
				2F9540B11D3839C400491C14 /* ViewController.swift */,
				2F9540B31D3839C400491C14 /* Main.storyboard */,
				2F9540B61D3839C400491C14 /* Assets.xcassets */,
				2F9540B81D3839C400491C14 /* LaunchScreen.storyboard */,
				2F9540BB1D3839C400491C14 /* Info.plist */,
			);
			path = MyFavoritePlace;
			sourceTree = "<group>";
		};
/* End PBXGroup section */

/* Begin PBXNativeTarget section */
		2F9540AB1D3839C400491C14 /* MyFavoritePlace */ = {
			isa = PBXNativeTarget;
			buildConfigurationList = 2F9540BE1D3839C400491C14 /* Build configuration list for PBXNativeTarget "MyFavoritePlace" */;
			buildPhases = (
				2F9540A81D3839C400491C14 /* Sources */,
				2F9540A91D3839C400491C14 /* Frameworks */,
				2F9540AA1D3839C400491C14 /* Resources */,
			);
			buildRules = (
			);
			dependencies = (
			);
			name = MyFavoritePlace;
			productName = MyFavoritePlace;
			productReference = 2F9540AC1D3839C400491C14 /* MyFavoritePlace.app */;
			productType = "com.apple.product-type.application";
		};
/* End PBXNativeTarget section */

/* Begin PBXProject section */
		2F9540A41D3839C400491C14 /* Project object */ = {
			isa = PBXProject;
			attributes = {
				LastSwiftUpdateCheck = 0730;
				LastUpgradeCheck = 0730;
				ORGANIZATIONNAME = com.christian.nogueras;
				TargetAttributes = {
					2F9540AB1D3839C400491C14 = {
						CreatedOnToolsVersion = 7.3.1;
					};
				};
			};
			buildConfigurationList = 2F9540A71D3839C400491C14 /* Build configuration list for PBXProject "MyFavoritePlace" */;
			compatibilityVersion = "Xcode 3.2";
			developmentRegion = English;
			hasScannedForEncodings = 0;
			knownRegions = (
				en,
				Base,
			);
			mainGroup = 2F9540A31D3839C400491C14;
			productRefGroup = 2F9540AD1D3839C400491C14 /* Products */;
			projectDirPath = "";
			projectRoot = "";
			targets = (
				2F9540AB1D3839C400491C14 /* MyFavoritePlace */,
			);
		};
/* End PBXProject section */

/* Begin PBXResourcesBuildPhase section */
		2F9540AA1D3839C400491C14 /* Resources */ = {
			isa = PBXResourcesBuildPhase;
			buildActionMask = 2147483647;
			files = (
				2F9540BA1D3839C400491C14 /* LaunchScreen.storyboard in Resources */,
				2F9540B71D3839C400491C14 /* Assets.xcassets in Resources */,
				2F9540B51D3839C400491C14 /* Main.storyboard in Resources */,
			);
			runOnlyForDeploymentPostprocessing = 0;
		};
/* End PBXResourcesBuildPhase section */

/* Begin PBXSourcesBuildPhase section */
		2F9540A81D3839C400491C14 /* Sources */ = {
			isa = PBXSourcesBuildPhase;
			buildActionMask = 2147483647;
			files = (
				2F9540B21D3839C400491C14 /* ViewController.swift in Sources */,
				2F9540B01D3839C400491C14 /* AppDelegate.swift in Sources */,
			);
			runOnlyForDeploymentPostprocessing = 0;
		};
/* End PBXSourcesBuildPhase section */

/* Begin PBXVariantGroup section */
		2F9540B31D3839C400491C14 /* Main.storyboard */ = {
			isa = PBXVariantGroup;
			children = (
				2F9540B41D3839C400491C14 /* Base */,
			);
			name = Main.storyboard;
			sourceTree = "<group>";
		};
		2F9540B81D3839C400491C14 /* LaunchScreen.storyboard */ = {
			isa = PBXVariantGroup;
			children = (
				2F9540B91D3839C400491C14 /* Base */,
			);
			name = LaunchScreen.storyboard;
			sourceTree = "<group>";
		};
/* End PBXVariantGroup section */

/* Begin XCBuildConfiguration section */
		2F9540BC1D3839C400491C14 /* Debug */ = {
			isa = XCBuildConfiguration;
			buildSettings = {
				ALWAYS_SEARCH_USER_PATHS = NO;
				CLANG_ANALYZER_NONNULL = YES;
				CLANG_CXX_LANGUAGE_STANDARD = "gnu++0x";
				CLANG_CXX_LIBRARY = "libc++";
				CLANG_ENABLE_MODULES = YES;
				CLANG_ENABLE_OBJC_ARC = YES;
				CLANG_WARN_BOOL_CONVERSION = YES;
				CLANG_WARN_CONSTANT_CONVERSION = YES;
				CLANG_WARN_DIRECT_OBJC_ISA_USAGE = YES_ERROR;
				CLANG_WARN_EMPTY_BODY = YES;
				CLANG_WARN_ENUM_CONVERSION = YES;
				CLANG_WARN_INT_CONVERSION = YES;
				CLANG_WARN_OBJC_ROOT_CLASS = YES_ERROR;
				CLANG_WARN_UNREACHABLE_CODE = YES;
				CLANG_WARN__DUPLICATE_METHOD_MATCH = YES;
				"CODE_SIGN_IDENTITY[sdk=iphoneos*]" = "iPhone Developer";
				COPY_PHASE_STRIP = NO;
				DEBUG_INFORMATION_FORMAT = dwarf;
				ENABLE_STRICT_OBJC_MSGSEND = YES;
				ENABLE_TESTABILITY = YES;
				GCC_C_LANGUAGE_STANDARD = gnu99;
				GCC_DYNAMIC_NO_PIC = NO;
				GCC_NO_COMMON_BLOCKS = YES;
				GCC_OPTIMIZATION_LEVEL = 0;
				GCC_PREPROCESSOR_DEFINITIONS = (
					"DEBUG=1",
					"$(inherited)",
				);
				GCC_WARN_64_TO_32_BIT_CONVERSION = YES;
				GCC_WARN_ABOUT_RETURN_TYPE = YES_ERROR;
				GCC_WARN_UNDECLARED_SELECTOR = YES;
				GCC_WARN_UNINITIALIZED_AUTOS = YES_AGGRESSIVE;
				GCC_WARN_UNUSED_FUNCTION = YES;
				GCC_WARN_UNUSED_VARIABLE = YES;
				IPHONEOS_DEPLOYMENT_TARGET = 9.3;
				MTL_ENABLE_DEBUG_INFO = YES;
				ONLY_ACTIVE_ARCH = YES;
				SDKROOT = iphoneos;
				SWIFT_OPTIMIZATION_LEVEL = "-Onone";
				TARGETED_DEVICE_FAMILY = "1,2";
			};
			name = Debug;
		};
		2F9540BD1D3839C400491C14 /* Release */ = {
			isa = XCBuildConfiguration;
			buildSettings = {
				ALWAYS_SEARCH_USER_PATHS = NO;
				CLANG_ANALYZER_NONNULL = YES;
				CLANG_CXX_LANGUAGE_STANDARD = "gnu++0x";
				CLANG_CXX_LIBRARY = "libc++";
				CLANG_ENABLE_MODULES = YES;
				CLANG_ENABLE_OBJC_ARC = YES;
				CLANG_WARN_BOOL_CONVERSION = YES;
				CLANG_WARN_CONSTANT_CONVERSION = YES;
				CLANG_WARN_DIRECT_OBJC_ISA_USAGE = YES_ERROR;
				CLANG_WARN_EMPTY_BODY = YES;
				CLANG_WARN_ENUM_CONVERSION = YES;
				CLANG_WARN_INT_CONVERSION = YES;
				CLANG_WARN_OBJC_ROOT_CLASS = YES_ERROR;
				CLANG_WARN_UNREACHABLE_CODE = YES;
				CLANG_WARN__DUPLICATE_METHOD_MATCH = YES;
				"CODE_SIGN_IDENTITY[sdk=iphoneos*]" = "iPhone Developer";
				COPY_PHASE_STRIP = NO;
				DEBUG_INFORMATION_FORMAT = "dwarf-with-dsym";
				ENABLE_NS_ASSERTIONS = NO;
				ENABLE_STRICT_OBJC_MSGSEND = YES;
				GCC_C_LANGUAGE_STANDARD = gnu99;
				GCC_NO_COMMON_BLOCKS = YES;
				GCC_WARN_64_TO_32_BIT_CONVERSION = YES;
				GCC_WARN_ABOUT_RETURN_TYPE = YES_ERROR;
				GCC_WARN_UNDECLARED_SELECTOR = YES;
				GCC_WARN_UNINITIALIZED_AUTOS = YES_AGGRESSIVE;
				GCC_WARN_UNUSED_FUNCTION = YES;
				GCC_WARN_UNUSED_VARIABLE = YES;
				IPHONEOS_DEPLOYMENT_TARGET = 9.3;
				MTL_ENABLE_DEBUG_INFO = NO;
				SDKROOT = iphoneos;
				TARGETED_DEVICE_FAMILY = "1,2";
				VALIDATE_PRODUCT = YES;
			};
			name = Release;
		};
		2F9540BF1D3839C400491C14 /* Debug */ = {
			isa = XCBuildConfiguration;
			buildSettings = {
				ASSETCATALOG_COMPILER_APPICON_NAME = AppIcon;
				INFOPLIST_FILE = MyFavoritePlace/Info.plist;
				LD_RUNPATH_SEARCH_PATHS = "$(inherited) @executable_path/Frameworks";
				PRODUCT_BUNDLE_IDENTIFIER = TEST.MyFavoritePlace;
				PRODUCT_NAME = "$(TARGET_NAME)";
			};
			name = Debug;
		};
		2F9540C01D3839C400491C14 /* Release */ = {
			isa = XCBuildConfiguration;
			buildSettings = {
				ASSETCATALOG_COMPILER_APPICON_NAME = AppIcon;
				INFOPLIST_FILE = MyFavoritePlace/Info.plist;
				LD_RUNPATH_SEARCH_PATHS = "$(inherited) @executable_path/Frameworks";
				PRODUCT_BUNDLE_IDENTIFIER = TEST.MyFavoritePlace;
				PRODUCT_NAME = "$(TARGET_NAME)";
			};
			name = Release;
		};
/* End XCBuildConfiguration section */

/* Begin XCConfigurationList section */
		2F9540A71D3839C400491C14 /* Build configuration list for PBXProject "MyFavoritePlace" */ = {
			isa = XCConfigurationList;
			buildConfigurations = (
				2F9540BC1D3839C400491C14 /* Debug */,
				2F9540BD1D3839C400491C14 /* Release */,
			);
			defaultConfigurationIsVisible = 0;
			defaultConfigurationName = Release;
		};
		2F9540BE1D3839C400491C14 /* Build configuration list for PBXNativeTarget "MyFavoritePlace" */ = {
			isa = XCConfigurationList;
			buildConfigurations = (
				2F9540BF1D3839C400491C14 /* Debug */,
				2F9540C01D3839C400491C14 /* Release */,
			);
			defaultConfigurationIsVisible = 0;
		};
/* End XCConfigurationList section */
	};
	rootObject = 2F9540A41D3839C400491C14 /* Project object */;
}
