// !$*UTF8*$!
{
	archiveVersion = 1;
	classes = {
	};
	objectVersion = 46;
	objects = {

/* Begin PBXBuildFile section */
		2FE056FD1C663FC600B9DE0A /* AppDelegate.swift in Sources */ = {isa = PBXBuildFile; fileRef = 2FE056FC1C663FC600B9DE0A /* AppDelegate.swift */; };
		2FE056FF1C663FC600B9DE0A /* ViewController.swift in Sources */ = {isa = PBXBuildFile; fileRef = 2FE056FE1C663FC600B9DE0A /* ViewController.swift */; };
		2FE057021C663FC600B9DE0A /* Main.storyboard in Resources */ = {isa = PBXBuildFile; fileRef = 2FE057001C663FC600B9DE0A /* Main.storyboard */; };
		2FE057041C663FC600B9DE0A /* Assets.xcassets in Resources */ = {isa = PBXBuildFile; fileRef = 2FE057031C663FC600B9DE0A /* Assets.xcassets */; };
		2FE057071C663FC600B9DE0A /* LaunchScreen.storyboard in Resources */ = {isa = PBXBuildFile; fileRef = 2FE057051C663FC600B9DE0A /* LaunchScreen.storyboard */; };
		2FE057121C663FC700B9DE0A /* Tetst_iphone1Tests.swift in Sources */ = {isa = PBXBuildFile; fileRef = 2FE057111C663FC700B9DE0A /* Tetst_iphone1Tests.swift */; };
		2FE0571D1C663FC700B9DE0A /* Tetst_iphone1UITests.swift in Sources */ = {isa = PBXBuildFile; fileRef = 2FE0571C1C663FC700B9DE0A /* Tetst_iphone1UITests.swift */; };
/* End PBXBuildFile section */

/* Begin PBXContainerItemProxy section */
		2FE0570E1C663FC700B9DE0A /* PBXContainerItemProxy */ = {
			isa = PBXContainerItemProxy;
			containerPortal = 2FE056F11C663FC600B9DE0A /* Project object */;
			proxyType = 1;
			remoteGlobalIDString = 2FE056F81C663FC600B9DE0A;
			remoteInfo = Tetst_iphone1;
		};
		2FE057191C663FC700B9DE0A /* PBXContainerItemProxy */ = {
			isa = PBXContainerItemProxy;
			containerPortal = 2FE056F11C663FC600B9DE0A /* Project object */;
			proxyType = 1;
			remoteGlobalIDString = 2FE056F81C663FC600B9DE0A;
			remoteInfo = Tetst_iphone1;
		};
/* End PBXContainerItemProxy section */

/* Begin PBXFileReference section */
		2FE056F91C663FC600B9DE0A /* Tetst_iphone1.app */ = {isa = PBXFileReference; explicitFileType = wrapper.application; includeInIndex = 0; path = Tetst_iphone1.app; sourceTree = BUILT_PRODUCTS_DIR; };
		2FE056FC1C663FC600B9DE0A /* AppDelegate.swift */ = {isa = PBXFileReference; lastKnownFileType = sourcecode.swift; path = AppDelegate.swift; sourceTree = "<group>"; };
		2FE056FE1C663FC600B9DE0A /* ViewController.swift */ = {isa = PBXFileReference; lastKnownFileType = sourcecode.swift; path = ViewController.swift; sourceTree = "<group>"; };
		2FE057011C663FC600B9DE0A /* Base */ = {isa = PBXFileReference; lastKnownFileType = file.storyboard; name = Base; path = Base.lproj/Main.storyboard; sourceTree = "<group>"; };
		2FE057031C663FC600B9DE0A /* Assets.xcassets */ = {isa = PBXFileReference; lastKnownFileType = folder.assetcatalog; path = Assets.xcassets; sourceTree = "<group>"; };
		2FE057061C663FC600B9DE0A /* Base */ = {isa = PBXFileReference; lastKnownFileType = file.storyboard; name = Base; path = Base.lproj/LaunchScreen.storyboard; sourceTree = "<group>"; };
		2FE057081C663FC600B9DE0A /* Info.plist */ = {isa = PBXFileReference; lastKnownFileType = text.plist.xml; path = Info.plist; sourceTree = "<group>"; };
		2FE0570D1C663FC600B9DE0A /* Tetst_iphone1Tests.xctest */ = {isa = PBXFileReference; explicitFileType = wrapper.cfbundle; includeInIndex = 0; path = Tetst_iphone1Tests.xctest; sourceTree = BUILT_PRODUCTS_DIR; };
		2FE057111C663FC700B9DE0A /* Tetst_iphone1Tests.swift */ = {isa = PBXFileReference; lastKnownFileType = sourcecode.swift; path = Tetst_iphone1Tests.swift; sourceTree = "<group>"; };
		2FE057131C663FC700B9DE0A /* Info.plist */ = {isa = PBXFileReference; lastKnownFileType = text.plist.xml; path = Info.plist; sourceTree = "<group>"; };
		2FE057181C663FC700B9DE0A /* Tetst_iphone1UITests.xctest */ = {isa = PBXFileReference; explicitFileType = wrapper.cfbundle; includeInIndex = 0; path = Tetst_iphone1UITests.xctest; sourceTree = BUILT_PRODUCTS_DIR; };
		2FE0571C1C663FC700B9DE0A /* Tetst_iphone1UITests.swift */ = {isa = PBXFileReference; lastKnownFileType = sourcecode.swift; path = Tetst_iphone1UITests.swift; sourceTree = "<group>"; };
		2FE0571E1C663FC700B9DE0A /* Info.plist */ = {isa = PBXFileReference; lastKnownFileType = text.plist.xml; path = Info.plist; sourceTree = "<group>"; };
/* End PBXFileReference section */

/* Begin PBXFrameworksBuildPhase section */
		2FE056F61C663FC600B9DE0A /* Frameworks */ = {
			isa = PBXFrameworksBuildPhase;
			buildActionMask = 2147483647;
			files = (
			);
			runOnlyForDeploymentPostprocessing = 0;
		};
		2FE0570A1C663FC600B9DE0A /* Frameworks */ = {
			isa = PBXFrameworksBuildPhase;
			buildActionMask = 2147483647;
			files = (
			);
			runOnlyForDeploymentPostprocessing = 0;
		};
		2FE057151C663FC700B9DE0A /* Frameworks */ = {
			isa = PBXFrameworksBuildPhase;
			buildActionMask = 2147483647;
			files = (
			);
			runOnlyForDeploymentPostprocessing = 0;
		};
/* End PBXFrameworksBuildPhase section */

/* Begin PBXGroup section */
		2FE056F01C663FC600B9DE0A = {
			isa = PBXGroup;
			children = (
				2FE056FB1C663FC600B9DE0A /* Tetst_iphone1 */,
				2FE057101C663FC700B9DE0A /* Tetst_iphone1Tests */,
				2FE0571B1C663FC700B9DE0A /* Tetst_iphone1UITests */,
				2FE056FA1C663FC600B9DE0A /* Products */,
			);
			sourceTree = "<group>";
		};
		2FE056FA1C663FC600B9DE0A /* Products */ = {
			isa = PBXGroup;
			children = (
				2FE056F91C663FC600B9DE0A /* Tetst_iphone1.app */,
				2FE0570D1C663FC600B9DE0A /* Tetst_iphone1Tests.xctest */,
				2FE057181C663FC700B9DE0A /* Tetst_iphone1UITests.xctest */,
			);
			name = Products;
			sourceTree = "<group>";
		};
		2FE056FB1C663FC600B9DE0A /* Tetst_iphone1 */ = {
			isa = PBXGroup;
			children = (
				2FE056FC1C663FC600B9DE0A /* AppDelegate.swift */,
				2FE056FE1C663FC600B9DE0A /* ViewController.swift */,
				2FE057001C663FC600B9DE0A /* Main.storyboard */,
				2FE057031C663FC600B9DE0A /* Assets.xcassets */,
				2FE057051C663FC600B9DE0A /* LaunchScreen.storyboard */,
				2FE057081C663FC600B9DE0A /* Info.plist */,
			);
			path = Tetst_iphone1;
			sourceTree = "<group>";
		};
		2FE057101C663FC700B9DE0A /* Tetst_iphone1Tests */ = {
			isa = PBXGroup;
			children = (
				2FE057111C663FC700B9DE0A /* Tetst_iphone1Tests.swift */,
				2FE057131C663FC700B9DE0A /* Info.plist */,
			);
			path = Tetst_iphone1Tests;
			sourceTree = "<group>";
		};
		2FE0571B1C663FC700B9DE0A /* Tetst_iphone1UITests */ = {
			isa = PBXGroup;
			children = (
				2FE0571C1C663FC700B9DE0A /* Tetst_iphone1UITests.swift */,
				2FE0571E1C663FC700B9DE0A /* Info.plist */,
			);
			path = Tetst_iphone1UITests;
			sourceTree = "<group>";
		};
/* End PBXGroup section */

/* Begin PBXNativeTarget section */
		2FE056F81C663FC600B9DE0A /* Tetst_iphone1 */ = {
			isa = PBXNativeTarget;
			buildConfigurationList = 2FE057211C663FC700B9DE0A /* Build configuration list for PBXNativeTarget "Tetst_iphone1" */;
			buildPhases = (
				2FE056F51C663FC600B9DE0A /* Sources */,
				2FE056F61C663FC600B9DE0A /* Frameworks */,
				2FE056F71C663FC600B9DE0A /* Resources */,
			);
			buildRules = (
			);
			dependencies = (
			);
			name = Tetst_iphone1;
			productName = Tetst_iphone1;
			productReference = 2FE056F91C663FC600B9DE0A /* Tetst_iphone1.app */;
			productType = "com.apple.product-type.application";
		};
		2FE0570C1C663FC600B9DE0A /* Tetst_iphone1Tests */ = {
			isa = PBXNativeTarget;
			buildConfigurationList = 2FE057241C663FC700B9DE0A /* Build configuration list for PBXNativeTarget "Tetst_iphone1Tests" */;
			buildPhases = (
				2FE057091C663FC600B9DE0A /* Sources */,
				2FE0570A1C663FC600B9DE0A /* Frameworks */,
				2FE0570B1C663FC600B9DE0A /* Resources */,
			);
			buildRules = (
			);
			dependencies = (
				2FE0570F1C663FC700B9DE0A /* PBXTargetDependency */,
			);
			name = Tetst_iphone1Tests;
			productName = Tetst_iphone1Tests;
			productReference = 2FE0570D1C663FC600B9DE0A /* Tetst_iphone1Tests.xctest */;
			productType = "com.apple.product-type.bundle.unit-test";
		};
		2FE057171C663FC700B9DE0A /* Tetst_iphone1UITests */ = {
			isa = PBXNativeTarget;
			buildConfigurationList = 2FE057271C663FC700B9DE0A /* Build configuration list for PBXNativeTarget "Tetst_iphone1UITests" */;
			buildPhases = (
				2FE057141C663FC700B9DE0A /* Sources */,
				2FE057151C663FC700B9DE0A /* Frameworks */,
				2FE057161C663FC700B9DE0A /* Resources */,
			);
			buildRules = (
			);
			dependencies = (
				2FE0571A1C663FC700B9DE0A /* PBXTargetDependency */,
			);
			name = Tetst_iphone1UITests;
			productName = Tetst_iphone1UITests;
			productReference = 2FE057181C663FC700B9DE0A /* Tetst_iphone1UITests.xctest */;
			productType = "com.apple.product-type.bundle.ui-testing";
		};
/* End PBXNativeTarget section */

/* Begin PBXProject section */
		2FE056F11C663FC600B9DE0A /* Project object */ = {
			isa = PBXProject;
			attributes = {
				LastUpgradeCheck = 0700;
				ORGANIZATIONNAME = "Christian Nogueras";
				TargetAttributes = {
					2FE056F81C663FC600B9DE0A = {
						CreatedOnToolsVersion = 7.0;
						DevelopmentTeam = 5EGXG99XKX;
					};
					2FE0570C1C663FC600B9DE0A = {
						CreatedOnToolsVersion = 7.0;
						TestTargetID = 2FE056F81C663FC600B9DE0A;
					};
					2FE057171C663FC700B9DE0A = {
						CreatedOnToolsVersion = 7.0;
						TestTargetID = 2FE056F81C663FC600B9DE0A;
					};
				};
			};
			buildConfigurationList = 2FE056F41C663FC600B9DE0A /* Build configuration list for PBXProject "Tetst_iphone1" */;
			compatibilityVersion = "Xcode 3.2";
			developmentRegion = English;
			hasScannedForEncodings = 0;
			knownRegions = (
				en,
				Base,
			);
			mainGroup = 2FE056F01C663FC600B9DE0A;
			productRefGroup = 2FE056FA1C663FC600B9DE0A /* Products */;
			projectDirPath = "";
			projectRoot = "";
			targets = (
				2FE056F81C663FC600B9DE0A /* Tetst_iphone1 */,
				2FE0570C1C663FC600B9DE0A /* Tetst_iphone1Tests */,
				2FE057171C663FC700B9DE0A /* Tetst_iphone1UITests */,
			);
		};
/* End PBXProject section */

/* Begin PBXResourcesBuildPhase section */
		2FE056F71C663FC600B9DE0A /* Resources */ = {
			isa = PBXResourcesBuildPhase;
			buildActionMask = 2147483647;
			files = (
				2FE057071C663FC600B9DE0A /* LaunchScreen.storyboard in Resources */,
				2FE057041C663FC600B9DE0A /* Assets.xcassets in Resources */,
				2FE057021C663FC600B9DE0A /* Main.storyboard in Resources */,
			);
			runOnlyForDeploymentPostprocessing = 0;
		};
		2FE0570B1C663FC600B9DE0A /* Resources */ = {
			isa = PBXResourcesBuildPhase;
			buildActionMask = 2147483647;
			files = (
			);
			runOnlyForDeploymentPostprocessing = 0;
		};
		2FE057161C663FC700B9DE0A /* Resources */ = {
			isa = PBXResourcesBuildPhase;
			buildActionMask = 2147483647;
			files = (
			);
			runOnlyForDeploymentPostprocessing = 0;
		};
/* End PBXResourcesBuildPhase section */

/* Begin PBXSourcesBuildPhase section */
		2FE056F51C663FC600B9DE0A /* Sources */ = {
			isa = PBXSourcesBuildPhase;
			buildActionMask = 2147483647;
			files = (
				2FE056FF1C663FC600B9DE0A /* ViewController.swift in Sources */,
				2FE056FD1C663FC600B9DE0A /* AppDelegate.swift in Sources */,
			);
			runOnlyForDeploymentPostprocessing = 0;
		};
		2FE057091C663FC600B9DE0A /* Sources */ = {
			isa = PBXSourcesBuildPhase;
			buildActionMask = 2147483647;
			files = (
				2FE057121C663FC700B9DE0A /* Tetst_iphone1Tests.swift in Sources */,
			);
			runOnlyForDeploymentPostprocessing = 0;
		};
		2FE057141C663FC700B9DE0A /* Sources */ = {
			isa = PBXSourcesBuildPhase;
			buildActionMask = 2147483647;
			files = (
				2FE0571D1C663FC700B9DE0A /* Tetst_iphone1UITests.swift in Sources */,
			);
			runOnlyForDeploymentPostprocessing = 0;
		};
/* End PBXSourcesBuildPhase section */

/* Begin PBXTargetDependency section */
		2FE0570F1C663FC700B9DE0A /* PBXTargetDependency */ = {
			isa = PBXTargetDependency;
			target = 2FE056F81C663FC600B9DE0A /* Tetst_iphone1 */;
			targetProxy = 2FE0570E1C663FC700B9DE0A /* PBXContainerItemProxy */;
		};
		2FE0571A1C663FC700B9DE0A /* PBXTargetDependency */ = {
			isa = PBXTargetDependency;
			target = 2FE056F81C663FC600B9DE0A /* Tetst_iphone1 */;
			targetProxy = 2FE057191C663FC700B9DE0A /* PBXContainerItemProxy */;
		};
/* End PBXTargetDependency section */

/* Begin PBXVariantGroup section */
		2FE057001C663FC600B9DE0A /* Main.storyboard */ = {
			isa = PBXVariantGroup;
			children = (
				2FE057011C663FC600B9DE0A /* Base */,
			);
			name = Main.storyboard;
			sourceTree = "<group>";
		};
		2FE057051C663FC600B9DE0A /* LaunchScreen.storyboard */ = {
			isa = PBXVariantGroup;
			children = (
				2FE057061C663FC600B9DE0A /* Base */,
			);
			name = LaunchScreen.storyboard;
			sourceTree = "<group>";
		};
/* End PBXVariantGroup section */

/* Begin XCBuildConfiguration section */
		2FE0571F1C663FC700B9DE0A /* Debug */ = {
			isa = XCBuildConfiguration;
			buildSettings = {
				ALWAYS_SEARCH_USER_PATHS = NO;
				CLANG_CXX_LANGUAGE_STANDARD = "gnu++0x";
				CLANG_CXX_LIBRARY = "libc++";
				CLANG_ENABLE_MODULES = YES;
				CLANG_ENABLE_OBJC_ARC = YES;
				CLANG_WARN_BOOL_CONVERSION = YES;
				CLANG_WARN_CONSTANT_CONVERSION = YES;
				CLANG_WARN_DIRECT_OBJC_ISA_USAGE = YES_ERROR;
				CLANG_WARN_EMPTY_BODY = YES;
				CLANG_WARN_ENUM_CONVERSION = YES;
				CLANG_WARN_INT_CONVERSION = YES;
				CLANG_WARN_OBJC_ROOT_CLASS = YES_ERROR;
				CLANG_WARN_UNREACHABLE_CODE = YES;
				CLANG_WARN__DUPLICATE_METHOD_MATCH = YES;
				"CODE_SIGN_IDENTITY[sdk=iphoneos*]" = "iPhone Developer";
				COPY_PHASE_STRIP = NO;
				DEBUG_INFORMATION_FORMAT = dwarf;
				ENABLE_STRICT_OBJC_MSGSEND = YES;
				ENABLE_TESTABILITY = YES;
				GCC_C_LANGUAGE_STANDARD = gnu99;
				GCC_DYNAMIC_NO_PIC = NO;
				GCC_NO_COMMON_BLOCKS = YES;
				GCC_OPTIMIZATION_LEVEL = 0;
				GCC_PREPROCESSOR_DEFINITIONS = (
					"DEBUG=1",
					"$(inherited)",
				);
				GCC_WARN_64_TO_32_BIT_CONVERSION = YES;
				GCC_WARN_ABOUT_RETURN_TYPE = YES_ERROR;
				GCC_WARN_UNDECLARED_SELECTOR = YES;
				GCC_WARN_UNINITIALIZED_AUTOS = YES_AGGRESSIVE;
				GCC_WARN_UNUSED_FUNCTION = YES;
				GCC_WARN_UNUSED_VARIABLE = YES;
				IPHONEOS_DEPLOYMENT_TARGET = 9.0;
				MTL_ENABLE_DEBUG_INFO = YES;
				ONLY_ACTIVE_ARCH = YES;
				SDKROOT = iphoneos;
				SWIFT_OPTIMIZATION_LEVEL = "-Onone";
			};
			name = Debug;
		};
		2FE057201C663FC700B9DE0A /* Release */ = {
			isa = XCBuildConfiguration;
			buildSettings = {
				ALWAYS_SEARCH_USER_PATHS = NO;
				CLANG_CXX_LANGUAGE_STANDARD = "gnu++0x";
				CLANG_CXX_LIBRARY = "libc++";
				CLANG_ENABLE_MODULES = YES;
				CLANG_ENABLE_OBJC_ARC = YES;
				CLANG_WARN_BOOL_CONVERSION = YES;
				CLANG_WARN_CONSTANT_CONVERSION = YES;
				CLANG_WARN_DIRECT_OBJC_ISA_USAGE = YES_ERROR;
				CLANG_WARN_EMPTY_BODY = YES;
				CLANG_WARN_ENUM_CONVERSION = YES;
				CLANG_WARN_INT_CONVERSION = YES;
				CLANG_WARN_OBJC_ROOT_CLASS = YES_ERROR;
				CLANG_WARN_UNREACHABLE_CODE = YES;
				CLANG_WARN__DUPLICATE_METHOD_MATCH = YES;
				"CODE_SIGN_IDENTITY[sdk=iphoneos*]" = "iPhone Developer";
				COPY_PHASE_STRIP = NO;
				DEBUG_INFORMATION_FORMAT = "dwarf-with-dsym";
				ENABLE_NS_ASSERTIONS = NO;
				ENABLE_STRICT_OBJC_MSGSEND = YES;
				GCC_C_LANGUAGE_STANDARD = gnu99;
				GCC_NO_COMMON_BLOCKS = YES;
				GCC_WARN_64_TO_32_BIT_CONVERSION = YES;
				GCC_WARN_ABOUT_RETURN_TYPE = YES_ERROR;
				GCC_WARN_UNDECLARED_SELECTOR = YES;
				GCC_WARN_UNINITIALIZED_AUTOS = YES_AGGRESSIVE;
				GCC_WARN_UNUSED_FUNCTION = YES;
				GCC_WARN_UNUSED_VARIABLE = YES;
				IPHONEOS_DEPLOYMENT_TARGET = 9.0;
				MTL_ENABLE_DEBUG_INFO = NO;
				SDKROOT = iphoneos;
				VALIDATE_PRODUCT = YES;
			};
			name = Release;
		};
		2FE057221C663FC700B9DE0A /* Debug */ = {
			isa = XCBuildConfiguration;
			buildSettings = {
				ASSETCATALOG_COMPILER_APPICON_NAME = AppIcon;
				CODE_SIGN_IDENTITY = "iPhone Developer";
				INFOPLIST_FILE = Tetst_iphone1/Info.plist;
				IPHONEOS_DEPLOYMENT_TARGET = 8.1;
				LD_RUNPATH_SEARCH_PATHS = "$(inherited) @executable_path/Frameworks";
				PRODUCT_BUNDLE_IDENTIFIER = "TEST.Tetst-iphone1";
				PRODUCT_NAME = "$(TARGET_NAME)";
			};
			name = Debug;
		};
		2FE057231C663FC700B9DE0A /* Release */ = {
			isa = XCBuildConfiguration;
			buildSettings = {
				ASSETCATALOG_COMPILER_APPICON_NAME = AppIcon;
				CODE_SIGN_IDENTITY = "iPhone Developer";
				INFOPLIST_FILE = Tetst_iphone1/Info.plist;
				IPHONEOS_DEPLOYMENT_TARGET = 8.1;
				LD_RUNPATH_SEARCH_PATHS = "$(inherited) @executable_path/Frameworks";
				PRODUCT_BUNDLE_IDENTIFIER = "TEST.Tetst-iphone1";
				PRODUCT_NAME = "$(TARGET_NAME)";
			};
			name = Release;
		};
		2FE057251C663FC700B9DE0A /* Debug */ = {
			isa = XCBuildConfiguration;
			buildSettings = {
				BUNDLE_LOADER = "$(TEST_HOST)";
				INFOPLIST_FILE = Tetst_iphone1Tests/Info.plist;
				LD_RUNPATH_SEARCH_PATHS = "$(inherited) @executable_path/Frameworks @loader_path/Frameworks";
				PRODUCT_BUNDLE_IDENTIFIER = "TEST.Tetst-iphone1Tests";
				PRODUCT_NAME = "$(TARGET_NAME)";
				TEST_HOST = "$(BUILT_PRODUCTS_DIR)/Tetst_iphone1.app/Tetst_iphone1";
			};
			name = Debug;
		};
		2FE057261C663FC700B9DE0A /* Release */ = {
			isa = XCBuildConfiguration;
			buildSettings = {
				BUNDLE_LOADER = "$(TEST_HOST)";
				INFOPLIST_FILE = Tetst_iphone1Tests/Info.plist;
				LD_RUNPATH_SEARCH_PATHS = "$(inherited) @executable_path/Frameworks @loader_path/Frameworks";
				PRODUCT_BUNDLE_IDENTIFIER = "TEST.Tetst-iphone1Tests";
				PRODUCT_NAME = "$(TARGET_NAME)";
				TEST_HOST = "$(BUILT_PRODUCTS_DIR)/Tetst_iphone1.app/Tetst_iphone1";
			};
			name = Release;
		};
		2FE057281C663FC700B9DE0A /* Debug */ = {
			isa = XCBuildConfiguration;
			buildSettings = {
				INFOPLIST_FILE = Tetst_iphone1UITests/Info.plist;
				LD_RUNPATH_SEARCH_PATHS = "$(inherited) @executable_path/Frameworks @loader_path/Frameworks";
				PRODUCT_BUNDLE_IDENTIFIER = "TEST.Tetst-iphone1UITests";
				PRODUCT_NAME = "$(TARGET_NAME)";
				TEST_TARGET_NAME = Tetst_iphone1;
				USES_XCTRUNNER = YES;
			};
			name = Debug;
		};
		2FE057291C663FC700B9DE0A /* Release */ = {
			isa = XCBuildConfiguration;
			buildSettings = {
				INFOPLIST_FILE = Tetst_iphone1UITests/Info.plist;
				LD_RUNPATH_SEARCH_PATHS = "$(inherited) @executable_path/Frameworks @loader_path/Frameworks";
				PRODUCT_BUNDLE_IDENTIFIER = "TEST.Tetst-iphone1UITests";
				PRODUCT_NAME = "$(TARGET_NAME)";
				TEST_TARGET_NAME = Tetst_iphone1;
				USES_XCTRUNNER = YES;
			};
			name = Release;
		};
/* End XCBuildConfiguration section */

/* Begin XCConfigurationList section */
		2FE056F41C663FC600B9DE0A /* Build configuration list for PBXProject "Tetst_iphone1" */ = {
			isa = XCConfigurationList;
			buildConfigurations = (
				2FE0571F1C663FC700B9DE0A /* Debug */,
				2FE057201C663FC700B9DE0A /* Release */,
			);
			defaultConfigurationIsVisible = 0;
			defaultConfigurationName = Release;
		};
		2FE057211C663FC700B9DE0A /* Build configuration list for PBXNativeTarget "Tetst_iphone1" */ = {
			isa = XCConfigurationList;
			buildConfigurations = (
				2FE057221C663FC700B9DE0A /* Debug */,
				2FE057231C663FC700B9DE0A /* Release */,
			);
			defaultConfigurationIsVisible = 0;
		};
		2FE057241C663FC700B9DE0A /* Build configuration list for PBXNativeTarget "Tetst_iphone1Tests" */ = {
			isa = XCConfigurationList;
			buildConfigurations = (
				2FE057251C663FC700B9DE0A /* Debug */,
				2FE057261C663FC700B9DE0A /* Release */,
			);
			defaultConfigurationIsVisible = 0;
		};
		2FE057271C663FC700B9DE0A /* Build configuration list for PBXNativeTarget "Tetst_iphone1UITests" */ = {
			isa = XCConfigurationList;
			buildConfigurations = (
				2FE057281C663FC700B9DE0A /* Debug */,
				2FE057291C663FC700B9DE0A /* Release */,
			);
			defaultConfigurationIsVisible = 0;
		};
/* End XCConfigurationList section */
	};
	rootObject = 2FE056F11C663FC600B9DE0A /* Project object */;
}
