// !$*UTF8*$!
{
	archiveVersion = 1;
	classes = {
	};
	objectVersion = 46;
	objects = {

/* Begin PBXBuildFile section */
		2FE057551C6647F600B9DE0A /* AppDelegate.swift in Sources */ = {isa = PBXBuildFile; fileRef = 2FE057541C6647F600B9DE0A /* AppDelegate.swift */; };
		2FE057571C6647F600B9DE0A /* ViewController.swift in Sources */ = {isa = PBXBuildFile; fileRef = 2FE057561C6647F600B9DE0A /* ViewController.swift */; };
		2FE0575A1C6647F600B9DE0A /* Main.storyboard in Resources */ = {isa = PBXBuildFile; fileRef = 2FE057581C6647F600B9DE0A /* Main.storyboard */; };
		2FE0575C1C6647F600B9DE0A /* Assets.xcassets in Resources */ = {isa = PBXBuildFile; fileRef = 2FE0575B1C6647F600B9DE0A /* Assets.xcassets */; };
		2FE0575F1C6647F600B9DE0A /* LaunchScreen.storyboard in Resources */ = {isa = PBXBuildFile; fileRef = 2FE0575D1C6647F600B9DE0A /* LaunchScreen.storyboard */; };
/* End PBXBuildFile section */

/* Begin PBXFileReference section */
		2FE057511C6647F600B9DE0A /* jjj.app */ = {isa = PBXFileReference; explicitFileType = wrapper.application; includeInIndex = 0; path = jjj.app; sourceTree = BUILT_PRODUCTS_DIR; };
		2FE057541C6647F600B9DE0A /* AppDelegate.swift */ = {isa = PBXFileReference; lastKnownFileType = sourcecode.swift; path = AppDelegate.swift; sourceTree = "<group>"; };
		2FE057561C6647F600B9DE0A /* ViewController.swift */ = {isa = PBXFileReference; lastKnownFileType = sourcecode.swift; path = ViewController.swift; sourceTree = "<group>"; };
		2FE057591C6647F600B9DE0A /* Base */ = {isa = PBXFileReference; lastKnownFileType = file.storyboard; name = Base; path = Base.lproj/Main.storyboard; sourceTree = "<group>"; };
		2FE0575B1C6647F600B9DE0A /* Assets.xcassets */ = {isa = PBXFileReference; lastKnownFileType = folder.assetcatalog; path = Assets.xcassets; sourceTree = "<group>"; };
		2FE0575E1C6647F600B9DE0A /* Base */ = {isa = PBXFileReference; lastKnownFileType = file.storyboard; name = Base; path = Base.lproj/LaunchScreen.storyboard; sourceTree = "<group>"; };
		2FE057601C6647F600B9DE0A /* Info.plist */ = {isa = PBXFileReference; lastKnownFileType = text.plist.xml; path = Info.plist; sourceTree = "<group>"; };
/* End PBXFileReference section */

/* Begin PBXFrameworksBuildPhase section */
		2FE0574E1C6647F600B9DE0A /* Frameworks */ = {
			isa = PBXFrameworksBuildPhase;
			buildActionMask = 2147483647;
			files = (
			);
			runOnlyForDeploymentPostprocessing = 0;
		};
/* End PBXFrameworksBuildPhase section */

/* Begin PBXGroup section */
		2FE057481C6647F500B9DE0A = {
			isa = PBXGroup;
			children = (
				2FE057531C6647F600B9DE0A /* jjj */,
				2FE057521C6647F600B9DE0A /* Products */,
			);
			sourceTree = "<group>";
		};
		2FE057521C6647F600B9DE0A /* Products */ = {
			isa = PBXGroup;
			children = (
				2FE057511C6647F600B9DE0A /* jjj.app */,
			);
			name = Products;
			sourceTree = "<group>";
		};
		2FE057531C6647F600B9DE0A /* jjj */ = {
			isa = PBXGroup;
			children = (
				2FE057541C6647F600B9DE0A /* AppDelegate.swift */,
				2FE057561C6647F600B9DE0A /* ViewController.swift */,
				2FE057581C6647F600B9DE0A /* Main.storyboard */,
				2FE0575B1C6647F600B9DE0A /* Assets.xcassets */,
				2FE0575D1C6647F600B9DE0A /* LaunchScreen.storyboard */,
				2FE057601C6647F600B9DE0A /* Info.plist */,
			);
			path = jjj;
			sourceTree = "<group>";
		};
/* End PBXGroup section */

/* Begin PBXNativeTarget section */
		2FE057501C6647F600B9DE0A /* jjj */ = {
			isa = PBXNativeTarget;
			buildConfigurationList = 2FE057631C6647F600B9DE0A /* Build configuration list for PBXNativeTarget "jjj" */;
			buildPhases = (
				2FE0574D1C6647F600B9DE0A /* Sources */,
				2FE0574E1C6647F600B9DE0A /* Frameworks */,
				2FE0574F1C6647F600B9DE0A /* Resources */,
			);
			buildRules = (
			);
			dependencies = (
			);
			name = jjj;
			productName = jjj;
			productReference = 2FE057511C6647F600B9DE0A /* jjj.app */;
			productType = "com.apple.product-type.application";
		};
/* End PBXNativeTarget section */

/* Begin PBXProject section */
		2FE057491C6647F600B9DE0A /* Project object */ = {
			isa = PBXProject;
			attributes = {
				LastUpgradeCheck = 0700;
				ORGANIZATIONNAME = "Christian Nogueras";
				TargetAttributes = {
					2FE057501C6647F600B9DE0A = {
						CreatedOnToolsVersion = 7.0;
						DevelopmentTeam = 5EGXG99XKX;
					};
				};
			};
			buildConfigurationList = 2FE0574C1C6647F600B9DE0A /* Build configuration list for PBXProject "jjj" */;
			compatibilityVersion = "Xcode 3.2";
			developmentRegion = English;
			hasScannedForEncodings = 0;
			knownRegions = (
				en,
				Base,
			);
			mainGroup = 2FE057481C6647F500B9DE0A;
			productRefGroup = 2FE057521C6647F600B9DE0A /* Products */;
			projectDirPath = "";
			projectRoot = "";
			targets = (
				2FE057501C6647F600B9DE0A /* jjj */,
			);
		};
/* End PBXProject section */

/* Begin PBXResourcesBuildPhase section */
		2FE0574F1C6647F600B9DE0A /* Resources */ = {
			isa = PBXResourcesBuildPhase;
			buildActionMask = 2147483647;
			files = (
				2FE0575F1C6647F600B9DE0A /* LaunchScreen.storyboard in Resources */,
				2FE0575C1C6647F600B9DE0A /* Assets.xcassets in Resources */,
				2FE0575A1C6647F600B9DE0A /* Main.storyboard in Resources */,
			);
			runOnlyForDeploymentPostprocessing = 0;
		};
/* End PBXResourcesBuildPhase section */

/* Begin PBXSourcesBuildPhase section */
		2FE0574D1C6647F600B9DE0A /* Sources */ = {
			isa = PBXSourcesBuildPhase;
			buildActionMask = 2147483647;
			files = (
				2FE057571C6647F600B9DE0A /* ViewController.swift in Sources */,
				2FE057551C6647F600B9DE0A /* AppDelegate.swift in Sources */,
			);
			runOnlyForDeploymentPostprocessing = 0;
		};
/* End PBXSourcesBuildPhase section */

/* Begin PBXVariantGroup section */
		2FE057581C6647F600B9DE0A /* Main.storyboard */ = {
			isa = PBXVariantGroup;
			children = (
				2FE057591C6647F600B9DE0A /* Base */,
			);
			name = Main.storyboard;
			sourceTree = "<group>";
		};
		2FE0575D1C6647F600B9DE0A /* LaunchScreen.storyboard */ = {
			isa = PBXVariantGroup;
			children = (
				2FE0575E1C6647F600B9DE0A /* Base */,
			);
			name = LaunchScreen.storyboard;
			sourceTree = "<group>";
		};
/* End PBXVariantGroup section */

/* Begin XCBuildConfiguration section */
		2FE057611C6647F600B9DE0A /* Debug */ = {
			isa = XCBuildConfiguration;
			buildSettings = {
				ALWAYS_SEARCH_USER_PATHS = NO;
				CLANG_CXX_LANGUAGE_STANDARD = "gnu++0x";
				CLANG_CXX_LIBRARY = "libc++";
				CLANG_ENABLE_MODULES = YES;
				CLANG_ENABLE_OBJC_ARC = YES;
				CLANG_WARN_BOOL_CONVERSION = YES;
				CLANG_WARN_CONSTANT_CONVERSION = YES;
				CLANG_WARN_DIRECT_OBJC_ISA_USAGE = YES_ERROR;
				CLANG_WARN_EMPTY_BODY = YES;
				CLANG_WARN_ENUM_CONVERSION = YES;
				CLANG_WARN_INT_CONVERSION = YES;
				CLANG_WARN_OBJC_ROOT_CLASS = YES_ERROR;
				CLANG_WARN_UNREACHABLE_CODE = YES;
				CLANG_WARN__DUPLICATE_METHOD_MATCH = YES;
				"CODE_SIGN_IDENTITY[sdk=iphoneos*]" = "iPhone Developer";
				COPY_PHASE_STRIP = NO;
				DEBUG_INFORMATION_FORMAT = dwarf;
				ENABLE_STRICT_OBJC_MSGSEND = YES;
				ENABLE_TESTABILITY = YES;
				GCC_C_LANGUAGE_STANDARD = gnu99;
				GCC_DYNAMIC_NO_PIC = NO;
				GCC_NO_COMMON_BLOCKS = YES;
				GCC_OPTIMIZATION_LEVEL = 0;
				GCC_PREPROCESSOR_DEFINITIONS = (
					"DEBUG=1",
					"$(inherited)",
				);
				GCC_WARN_64_TO_32_BIT_CONVERSION = YES;
				GCC_WARN_ABOUT_RETURN_TYPE = YES_ERROR;
				GCC_WARN_UNDECLARED_SELECTOR = YES;
				GCC_WARN_UNINITIALIZED_AUTOS = YES_AGGRESSIVE;
				GCC_WARN_UNUSED_FUNCTION = YES;
				GCC_WARN_UNUSED_VARIABLE = YES;
				IPHONEOS_DEPLOYMENT_TARGET = 9.0;
				MTL_ENABLE_DEBUG_INFO = YES;
				ONLY_ACTIVE_ARCH = YES;
				SDKROOT = iphoneos;
				SWIFT_OPTIMIZATION_LEVEL = "-Onone";
			};
			name = Debug;
		};
		2FE057621C6647F600B9DE0A /* Release */ = {
			isa = XCBuildConfiguration;
			buildSettings = {
				ALWAYS_SEARCH_USER_PATHS = NO;
				CLANG_CXX_LANGUAGE_STANDARD = "gnu++0x";
				CLANG_CXX_LIBRARY = "libc++";
				CLANG_ENABLE_MODULES = YES;
				CLANG_ENABLE_OBJC_ARC = YES;
				CLANG_WARN_BOOL_CONVERSION = YES;
				CLANG_WARN_CONSTANT_CONVERSION = YES;
				CLANG_WARN_DIRECT_OBJC_ISA_USAGE = YES_ERROR;
				CLANG_WARN_EMPTY_BODY = YES;
				CLANG_WARN_ENUM_CONVERSION = YES;
				CLANG_WARN_INT_CONVERSION = YES;
				CLANG_WARN_OBJC_ROOT_CLASS = YES_ERROR;
				CLANG_WARN_UNREACHABLE_CODE = YES;
				CLANG_WARN__DUPLICATE_METHOD_MATCH = YES;
				"CODE_SIGN_IDENTITY[sdk=iphoneos*]" = "iPhone Developer";
				COPY_PHASE_STRIP = NO;
				DEBUG_INFORMATION_FORMAT = "dwarf-with-dsym";
				ENABLE_NS_ASSERTIONS = NO;
				ENABLE_STRICT_OBJC_MSGSEND = YES;
				GCC_C_LANGUAGE_STANDARD = gnu99;
				GCC_NO_COMMON_BLOCKS = YES;
				GCC_WARN_64_TO_32_BIT_CONVERSION = YES;
				GCC_WARN_ABOUT_RETURN_TYPE = YES_ERROR;
				GCC_WARN_UNDECLARED_SELECTOR = YES;
				GCC_WARN_UNINITIALIZED_AUTOS = YES_AGGRESSIVE;
				GCC_WARN_UNUSED_FUNCTION = YES;
				GCC_WARN_UNUSED_VARIABLE = YES;
				IPHONEOS_DEPLOYMENT_TARGET = 9.0;
				MTL_ENABLE_DEBUG_INFO = NO;
				SDKROOT = iphoneos;
				VALIDATE_PRODUCT = YES;
			};
			name = Release;
		};
		2FE057641C6647F600B9DE0A /* Debug */ = {
			isa = XCBuildConfiguration;
			buildSettings = {
				ASSETCATALOG_COMPILER_APPICON_NAME = AppIcon;
				CODE_SIGN_IDENTITY = "iPhone Developer";
				INFOPLIST_FILE = jjj/Info.plist;
				LD_RUNPATH_SEARCH_PATHS = "$(inherited) @executable_path/Frameworks";
				PRODUCT_BUNDLE_IDENTIFIER = TEST.jjj;
				PRODUCT_NAME = "$(TARGET_NAME)";
			};
			name = Debug;
		};
		2FE057651C6647F600B9DE0A /* Release */ = {
			isa = XCBuildConfiguration;
			buildSettings = {
				ASSETCATALOG_COMPILER_APPICON_NAME = AppIcon;
				CODE_SIGN_IDENTITY = "iPhone Developer";
				INFOPLIST_FILE = jjj/Info.plist;
				LD_RUNPATH_SEARCH_PATHS = "$(inherited) @executable_path/Frameworks";
				PRODUCT_BUNDLE_IDENTIFIER = TEST.jjj;
				PRODUCT_NAME = "$(TARGET_NAME)";
			};
			name = Release;
		};
/* End XCBuildConfiguration section */

/* Begin XCConfigurationList section */
		2FE0574C1C6647F600B9DE0A /* Build configuration list for PBXProject "jjj" */ = {
			isa = XCConfigurationList;
			buildConfigurations = (
				2FE057611C6647F600B9DE0A /* Debug */,
				2FE057621C6647F600B9DE0A /* Release */,
			);
			defaultConfigurationIsVisible = 0;
			defaultConfigurationName = Release;
		};
		2FE057631C6647F600B9DE0A /* Build configuration list for PBXNativeTarget "jjj" */ = {
			isa = XCConfigurationList;
			buildConfigurations = (
				2FE057641C6647F600B9DE0A /* Debug */,
				2FE057651C6647F600B9DE0A /* Release */,
			);
			defaultConfigurationIsVisible = 0;
		};
/* End XCConfigurationList section */
	};
	rootObject = 2FE057491C6647F600B9DE0A /* Project object */;
}
