// !$*UTF8*$!
{
	archiveVersion = 1;
	classes = {
	};
	objectVersion = 46;
	objects = {

/* Begin PBXBuildFile section */
		2F33F6801CC1D7DA000A185B /* AppDelegate.swift in Sources */ = {isa = PBXBuildFile; fileRef = 2F33F67F1CC1D7DA000A185B /* AppDelegate.swift */; };
		2F33F6821CC1D7DA000A185B /* ViewController.swift in Sources */ = {isa = PBXBuildFile; fileRef = 2F33F6811CC1D7DA000A185B /* ViewController.swift */; };
		2F33F6851CC1D7DA000A185B /* Main.storyboard in Resources */ = {isa = PBXBuildFile; fileRef = 2F33F6831CC1D7DA000A185B /* Main.storyboard */; };
		2F33F6871CC1D7DA000A185B /* Assets.xcassets in Resources */ = {isa = PBXBuildFile; fileRef = 2F33F6861CC1D7DA000A185B /* Assets.xcassets */; };
		2F33F68A1CC1D7DA000A185B /* LaunchScreen.storyboard in Resources */ = {isa = PBXBuildFile; fileRef = 2F33F6881CC1D7DA000A185B /* LaunchScreen.storyboard */; };
/* End PBXBuildFile section */

/* Begin PBXFileReference section */
		2F33F67C1CC1D7DA000A185B /* Excercise_Devslope_UIStackView.app */ = {isa = PBXFileReference; explicitFileType = wrapper.application; includeInIndex = 0; path = Excercise_Devslope_UIStackView.app; sourceTree = BUILT_PRODUCTS_DIR; };
		2F33F67F1CC1D7DA000A185B /* AppDelegate.swift */ = {isa = PBXFileReference; lastKnownFileType = sourcecode.swift; path = AppDelegate.swift; sourceTree = "<group>"; };
		2F33F6811CC1D7DA000A185B /* ViewController.swift */ = {isa = PBXFileReference; lastKnownFileType = sourcecode.swift; path = ViewController.swift; sourceTree = "<group>"; };
		2F33F6841CC1D7DA000A185B /* Base */ = {isa = PBXFileReference; lastKnownFileType = file.storyboard; name = Base; path = Base.lproj/Main.storyboard; sourceTree = "<group>"; };
		2F33F6861CC1D7DA000A185B /* Assets.xcassets */ = {isa = PBXFileReference; lastKnownFileType = folder.assetcatalog; path = Assets.xcassets; sourceTree = "<group>"; };
		2F33F6891CC1D7DA000A185B /* Base */ = {isa = PBXFileReference; lastKnownFileType = file.storyboard; name = Base; path = Base.lproj/LaunchScreen.storyboard; sourceTree = "<group>"; };
		2F33F68B1CC1D7DA000A185B /* Info.plist */ = {isa = PBXFileReference; lastKnownFileType = text.plist.xml; path = Info.plist; sourceTree = "<group>"; };
/* End PBXFileReference section */

/* Begin PBXFrameworksBuildPhase section */
		2F33F6791CC1D7DA000A185B /* Frameworks */ = {
			isa = PBXFrameworksBuildPhase;
			buildActionMask = 2147483647;
			files = (
			);
			runOnlyForDeploymentPostprocessing = 0;
		};
/* End PBXFrameworksBuildPhase section */

/* Begin PBXGroup section */
		2F33F6731CC1D7DA000A185B = {
			isa = PBXGroup;
			children = (
				2F33F67E1CC1D7DA000A185B /* Excercise_Devslope_UIStackView */,
				2F33F67D1CC1D7DA000A185B /* Products */,
			);
			sourceTree = "<group>";
		};
		2F33F67D1CC1D7DA000A185B /* Products */ = {
			isa = PBXGroup;
			children = (
				2F33F67C1CC1D7DA000A185B /* Excercise_Devslope_UIStackView.app */,
			);
			name = Products;
			sourceTree = "<group>";
		};
		2F33F67E1CC1D7DA000A185B /* Excercise_Devslope_UIStackView */ = {
			isa = PBXGroup;
			children = (
				2F33F67F1CC1D7DA000A185B /* AppDelegate.swift */,
				2F33F6811CC1D7DA000A185B /* ViewController.swift */,
				2F33F6831CC1D7DA000A185B /* Main.storyboard */,
				2F33F6861CC1D7DA000A185B /* Assets.xcassets */,
				2F33F6881CC1D7DA000A185B /* LaunchScreen.storyboard */,
				2F33F68B1CC1D7DA000A185B /* Info.plist */,
			);
			path = Excercise_Devslope_UIStackView;
			sourceTree = "<group>";
		};
/* End PBXGroup section */

/* Begin PBXNativeTarget section */
		2F33F67B1CC1D7DA000A185B /* Excercise_Devslope_UIStackView */ = {
			isa = PBXNativeTarget;
			buildConfigurationList = 2F33F68E1CC1D7DA000A185B /* Build configuration list for PBXNativeTarget "Excercise_Devslope_UIStackView" */;
			buildPhases = (
				2F33F6781CC1D7DA000A185B /* Sources */,
				2F33F6791CC1D7DA000A185B /* Frameworks */,
				2F33F67A1CC1D7DA000A185B /* Resources */,
			);
			buildRules = (
			);
			dependencies = (
			);
			name = Excercise_Devslope_UIStackView;
			productName = Excercise_Devslope_UIStackView;
			productReference = 2F33F67C1CC1D7DA000A185B /* Excercise_Devslope_UIStackView.app */;
			productType = "com.apple.product-type.application";
		};
/* End PBXNativeTarget section */

/* Begin PBXProject section */
		2F33F6741CC1D7DA000A185B /* Project object */ = {
			isa = PBXProject;
			attributes = {
				LastSwiftUpdateCheck = 0730;
				LastUpgradeCheck = 0730;
				ORGANIZATIONNAME = "Christian Nogueras";
				TargetAttributes = {
					2F33F67B1CC1D7DA000A185B = {
						CreatedOnToolsVersion = 7.3;
					};
				};
			};
			buildConfigurationList = 2F33F6771CC1D7DA000A185B /* Build configuration list for PBXProject "Excercise_Devslope_UIStackView" */;
			compatibilityVersion = "Xcode 3.2";
			developmentRegion = English;
			hasScannedForEncodings = 0;
			knownRegions = (
				en,
				Base,
			);
			mainGroup = 2F33F6731CC1D7DA000A185B;
			productRefGroup = 2F33F67D1CC1D7DA000A185B /* Products */;
			projectDirPath = "";
			projectRoot = "";
			targets = (
				2F33F67B1CC1D7DA000A185B /* Excercise_Devslope_UIStackView */,
			);
		};
/* End PBXProject section */

/* Begin PBXResourcesBuildPhase section */
		2F33F67A1CC1D7DA000A185B /* Resources */ = {
			isa = PBXResourcesBuildPhase;
			buildActionMask = 2147483647;
			files = (
				2F33F68A1CC1D7DA000A185B /* LaunchScreen.storyboard in Resources */,
				2F33F6871CC1D7DA000A185B /* Assets.xcassets in Resources */,
				2F33F6851CC1D7DA000A185B /* Main.storyboard in Resources */,
			);
			runOnlyForDeploymentPostprocessing = 0;
		};
/* End PBXResourcesBuildPhase section */

/* Begin PBXSourcesBuildPhase section */
		2F33F6781CC1D7DA000A185B /* Sources */ = {
			isa = PBXSourcesBuildPhase;
			buildActionMask = 2147483647;
			files = (
				2F33F6821CC1D7DA000A185B /* ViewController.swift in Sources */,
				2F33F6801CC1D7DA000A185B /* AppDelegate.swift in Sources */,
			);
			runOnlyForDeploymentPostprocessing = 0;
		};
/* End PBXSourcesBuildPhase section */

/* Begin PBXVariantGroup section */
		2F33F6831CC1D7DA000A185B /* Main.storyboard */ = {
			isa = PBXVariantGroup;
			children = (
				2F33F6841CC1D7DA000A185B /* Base */,
			);
			name = Main.storyboard;
			sourceTree = "<group>";
		};
		2F33F6881CC1D7DA000A185B /* LaunchScreen.storyboard */ = {
			isa = PBXVariantGroup;
			children = (
				2F33F6891CC1D7DA000A185B /* Base */,
			);
			name = LaunchScreen.storyboard;
			sourceTree = "<group>";
		};
/* End PBXVariantGroup section */

/* Begin XCBuildConfiguration section */
		2F33F68C1CC1D7DA000A185B /* Debug */ = {
			isa = XCBuildConfiguration;
			buildSettings = {
				ALWAYS_SEARCH_USER_PATHS = NO;
				CLANG_ANALYZER_NONNULL = YES;
				CLANG_CXX_LANGUAGE_STANDARD = "gnu++0x";
				CLANG_CXX_LIBRARY = "libc++";
				CLANG_ENABLE_MODULES = YES;
				CLANG_ENABLE_OBJC_ARC = YES;
				CLANG_WARN_BOOL_CONVERSION = YES;
				CLANG_WARN_CONSTANT_CONVERSION = YES;
				CLANG_WARN_DIRECT_OBJC_ISA_USAGE = YES_ERROR;
				CLANG_WARN_EMPTY_BODY = YES;
				CLANG_WARN_ENUM_CONVERSION = YES;
				CLANG_WARN_INT_CONVERSION = YES;
				CLANG_WARN_OBJC_ROOT_CLASS = YES_ERROR;
				CLANG_WARN_UNREACHABLE_CODE = YES;
				CLANG_WARN__DUPLICATE_METHOD_MATCH = YES;
				"CODE_SIGN_IDENTITY[sdk=iphoneos*]" = "iPhone Developer";
				COPY_PHASE_STRIP = NO;
				DEBUG_INFORMATION_FORMAT = dwarf;
				ENABLE_STRICT_OBJC_MSGSEND = YES;
				ENABLE_TESTABILITY = YES;
				GCC_C_LANGUAGE_STANDARD = gnu99;
				GCC_DYNAMIC_NO_PIC = NO;
				GCC_NO_COMMON_BLOCKS = YES;
				GCC_OPTIMIZATION_LEVEL = 0;
				GCC_PREPROCESSOR_DEFINITIONS = (
					"DEBUG=1",
					"$(inherited)",
				);
				GCC_WARN_64_TO_32_BIT_CONVERSION = YES;
				GCC_WARN_ABOUT_RETURN_TYPE = YES_ERROR;
				GCC_WARN_UNDECLARED_SELECTOR = YES;
				GCC_WARN_UNINITIALIZED_AUTOS = YES_AGGRESSIVE;
				GCC_WARN_UNUSED_FUNCTION = YES;
				GCC_WARN_UNUSED_VARIABLE = YES;
				IPHONEOS_DEPLOYMENT_TARGET = 9.3;
				MTL_ENABLE_DEBUG_INFO = YES;
				ONLY_ACTIVE_ARCH = YES;
				SDKROOT = iphoneos;
				SWIFT_OPTIMIZATION_LEVEL = "-Onone";
				TARGETED_DEVICE_FAMILY = "1,2";
			};
			name = Debug;
		};
		2F33F68D1CC1D7DA000A185B /* Release */ = {
			isa = XCBuildConfiguration;
			buildSettings = {
				ALWAYS_SEARCH_USER_PATHS = NO;
				CLANG_ANALYZER_NONNULL = YES;
				CLANG_CXX_LANGUAGE_STANDARD = "gnu++0x";
				CLANG_CXX_LIBRARY = "libc++";
				CLANG_ENABLE_MODULES = YES;
				CLANG_ENABLE_OBJC_ARC = YES;
				CLANG_WARN_BOOL_CONVERSION = YES;
				CLANG_WARN_CONSTANT_CONVERSION = YES;
				CLANG_WARN_DIRECT_OBJC_ISA_USAGE = YES_ERROR;
				CLANG_WARN_EMPTY_BODY = YES;
				CLANG_WARN_ENUM_CONVERSION = YES;
				CLANG_WARN_INT_CONVERSION = YES;
				CLANG_WARN_OBJC_ROOT_CLASS = YES_ERROR;
				CLANG_WARN_UNREACHABLE_CODE = YES;
				CLANG_WARN__DUPLICATE_METHOD_MATCH = YES;
				"CODE_SIGN_IDENTITY[sdk=iphoneos*]" = "iPhone Developer";
				COPY_PHASE_STRIP = NO;
				DEBUG_INFORMATION_FORMAT = "dwarf-with-dsym";
				ENABLE_NS_ASSERTIONS = NO;
				ENABLE_STRICT_OBJC_MSGSEND = YES;
				GCC_C_LANGUAGE_STANDARD = gnu99;
				GCC_NO_COMMON_BLOCKS = YES;
				GCC_WARN_64_TO_32_BIT_CONVERSION = YES;
				GCC_WARN_ABOUT_RETURN_TYPE = YES_ERROR;
				GCC_WARN_UNDECLARED_SELECTOR = YES;
				GCC_WARN_UNINITIALIZED_AUTOS = YES_AGGRESSIVE;
				GCC_WARN_UNUSED_FUNCTION = YES;
				GCC_WARN_UNUSED_VARIABLE = YES;
				IPHONEOS_DEPLOYMENT_TARGET = 9.3;
				MTL_ENABLE_DEBUG_INFO = NO;
				SDKROOT = iphoneos;
				TARGETED_DEVICE_FAMILY = "1,2";
				VALIDATE_PRODUCT = YES;
			};
			name = Release;
		};
		2F33F68F1CC1D7DA000A185B /* Debug */ = {
			isa = XCBuildConfiguration;
			buildSettings = {
				ASSETCATALOG_COMPILER_APPICON_NAME = AppIcon;
				INFOPLIST_FILE = Excercise_Devslope_UIStackView/Info.plist;
				IPHONEOS_DEPLOYMENT_TARGET = 9.0;
				LD_RUNPATH_SEARCH_PATHS = "$(inherited) @executable_path/Frameworks";
				PRODUCT_BUNDLE_IDENTIFIER = "TEST.Excercise-Devslope-UIStackView";
				PRODUCT_NAME = "$(TARGET_NAME)";
				TARGETED_DEVICE_FAMILY = "1,2";
			};
			name = Debug;
		};
		2F33F6901CC1D7DA000A185B /* Release */ = {
			isa = XCBuildConfiguration;
			buildSettings = {
				ASSETCATALOG_COMPILER_APPICON_NAME = AppIcon;
				INFOPLIST_FILE = Excercise_Devslope_UIStackView/Info.plist;
				IPHONEOS_DEPLOYMENT_TARGET = 9.0;
				LD_RUNPATH_SEARCH_PATHS = "$(inherited) @executable_path/Frameworks";
				PRODUCT_BUNDLE_IDENTIFIER = "TEST.Excercise-Devslope-UIStackView";
				PRODUCT_NAME = "$(TARGET_NAME)";
				TARGETED_DEVICE_FAMILY = "1,2";
			};
			name = Release;
		};
/* End XCBuildConfiguration section */

/* Begin XCConfigurationList section */
		2F33F6771CC1D7DA000A185B /* Build configuration list for PBXProject "Excercise_Devslope_UIStackView" */ = {
			isa = XCConfigurationList;
			buildConfigurations = (
				2F33F68C1CC1D7DA000A185B /* Debug */,
				2F33F68D1CC1D7DA000A185B /* Release */,
			);
			defaultConfigurationIsVisible = 0;
			defaultConfigurationName = Release;
		};
		2F33F68E1CC1D7DA000A185B /* Build configuration list for PBXNativeTarget "Excercise_Devslope_UIStackView" */ = {
			isa = XCConfigurationList;
			buildConfigurations = (
				2F33F68F1CC1D7DA000A185B /* Debug */,
				2F33F6901CC1D7DA000A185B /* Release */,
			);
			defaultConfigurationIsVisible = 0;
		};
/* End XCConfigurationList section */
	};
	rootObject = 2F33F6741CC1D7DA000A185B /* Project object */;
}
